github.com/gethugothemes/hugo-modules/accordion v0.0.0-20230727035736-e23a61ab80b4 h1:EtyeYp3gbuLz3Zmlv5C7hmhviTtxXlCQFrkg0znRlwM=
github.com/gethugothemes/hugo-modules/accordion v0.0.0-20230727035736-e23a61ab80b4/go.mod h1:D4DpauKPDcUHI9CVKYmJeO6bkSJIhUN864TyXZ2o0VI=
github.com/gethugothemes/hugo-modules/adsense v0.0.0-20230727035736-e23a61ab80b4 h1:TAZfMt8SDHC2sJERxBPzkV8g6dUMILI7FvS/3nP95/E=
github.com/gethugothemes/hugo-modules/adsense v0.0.0-20230727035736-e23a61ab80b4/go.mod h1:8p/gG/cyyu20z4q5cFN/JGE5TOFA55Xsp+aIP9KCsqo=
github.com/gethugothemes/hugo-modules/components/cookie-consent v0.0.0-20230727035736-e23a61ab80b4 h1:jR4FcQpFZWVCiyhbg0Pih42KxsLwIhIBGY62jXZNvXs=
github.com/gethugothemes/hugo-modules/components/cookie-consent v0.0.0-20230727035736-e23a61ab80b4/go.mod h1:511ERLpGe3ZTfV2z/NAtUSR5NqKF26h9z5lU/zYV4YQ=
github.com/gethugothemes/hugo-modules/components/custom-script v0.0.0-20230727035736-e23a61ab80b4 h1:0z3DWz+vjS4pNm1rZeOIgWV8LmVofQLiS8BtMz0iUl8=
github.com/gethugothemes/hugo-modules/components/custom-script v0.0.0-20230727035736-e23a61ab80b4/go.mod h1:RuDHq4WnK8sNEzAIJr4BZQ7oXhzcct/EKaAxc2Xvi9E=
github.com/gethugothemes/hugo-modules/components/preloader v0.0.0-20230727035736-e23a61ab80b4 h1:/gB4CaXxUlAjDNVDhDMD2YLm9B48WY53Y6fFKf87+JM=
github.com/gethugothemes/hugo-modules/components/preloader v0.0.0-20230727035736-e23a61ab80b4/go.mod h1:FP0iQ3tMOesuWFZhLst2KEvUEYPb5Jk1GW+QBP9lrwg=
github.com/gethugothemes/hugo-modules/components/render-link v0.0.0-20230727035736-e23a61ab80b4 h1:hyAcAcitaXNd237/xhZETlxycg/KbBLKWdiGo/GxGd4=
github.com/gethugothemes/hugo-modules/components/render-link v0.0.0-20230727035736-e23a61ab80b4/go.mod h1:z3YcIeEBUonAoRDY1/Jv1ojNVkZ5ud35a0Nn8L4Inx0=
github.com/gethugothemes/hugo-modules/components/social-share v0.0.0-20230727035736-e23a61ab80b4 h1:ZEoSjwPsm7RA5D4q9kkFSWVZE72qhy2vf89pHwyasqc=
github.com/gethugothemes/hugo-modules/components/social-share v0.0.0-20230727035736-e23a61ab80b4/go.mod h1:Gcj4RM/EBECsJMZnPeWjfy/1roRYGqzV9GYNmeHkvFA=
github.com/gethugothemes/hugo-modules/gallery-slider v0.0.0-20230727035736-e23a61ab80b4 h1:eOzfQblTYBXR8RWLB/I76XZWLaW2oHBTatHi08Sg2qs=
github.com/gethugothemes/hugo-modules/gallery-slider v0.0.0-20230727035736-e23a61ab80b4/go.mod h1:MvQ2js/ofZ22CTX5wuvE+dC0rMe6C5HAWL2fEOu/yzE=
github.com/gethugothemes/hugo-modules/gzip-caching v0.0.0-20230727035736-e23a61ab80b4 h1:lWefIv74jk1fDsHkSUHTWWXSF46N4tpfSuar1wdFXQo=
github.com/gethugothemes/hugo-modules/gzip-caching v0.0.0-20230727035736-e23a61ab80b4/go.mod h1:0ZMjTZVG4XLZU2/icc8Saqo4mmgMpfRTrUZU2Aa2Pwg=
github.com/gethugothemes/hugo-modules/icons/font-awesome v0.0.0-20230727035736-e23a61ab80b4 h1:oCVWfAV+BanmzT6XbnCtcro7MQR5/ZMjkE/IKiXe+80=
github.com/gethugothemes/hugo-modules/icons/font-awesome v0.0.0-20230727035736-e23a61ab80b4/go.mod h1:d3gy1vQyfasPmGpau7HpQLrXbOv23PfXclSnjyOBxeU=
github.com/gethugothemes/hugo-modules/images v0.0.0-20230727035736-e23a61ab80b4 h1:oCmTVgKcYcP3KmKKy1kQbycWkUnlbQmgXJmlIb2LhqE=
github.com/gethugothemes/hugo-modules/images v0.0.0-20230727035736-e23a61ab80b4/go.mod h1:FKliP3qOW9diIcQeLtyZ0Hdhg3PL8bdAkC/6O+XtU90=
github.com/gethugothemes/hugo-modules/modal v0.0.0-20230727035736-e23a61ab80b4 h1:bzFoo5Z58kBo68mozlF0NfW9+ZQKwx/tF4dFdrDR6Sg=
github.com/gethugothemes/hugo-modules/modal v0.0.0-20230727035736-e23a61ab80b4/go.mod h1:Eb9v7oV6biymfvjcBhQdvgn0gUGYhUtfCMeOBLFpFsk=
github.com/gethugothemes/hugo-modules/pwa v0.0.0-20230727035736-e23a61ab80b4 h1:gJf78kZdACTfIDmrPARM304xh7m6mcgPpHddiKExIwE=
github.com/gethugothemes/hugo-modules/pwa v0.0.0-20230727035736-e23a61ab80b4/go.mod h1:TRv7iszdfo37O1PbBEE+S8X/enAdpRIxK5DGrp13Qbo=
github.com/gethugothemes/hugo-modules/search v0.0.0-20230727035736-e23a61ab80b4 h1:OJEu6JwIYhL3B+CNPwwQ4AkxtURSmli/APX77HlF+qg=
github.com/gethugothemes/hugo-modules/search v0.0.0-20230727035736-e23a61ab80b4/go.mod h1:tmDvLaZCM+QDvS/WLZXNjY1QTdWh7/68D2wIToECbyA=
github.com/gethugothemes/hugo-modules/seo-tools/basic-seo v0.0.0-20230727035736-e23a61ab80b4 h1:ZOkNncBeqiflkzA1WeO3UUzKRZLSqNzjs+I6LtBZimc=
github.com/gethugothemes/hugo-modules/seo-tools/basic-seo v0.0.0-20230727035736-e23a61ab80b4/go.mod h1:Q8dPgjamV7pxwKSQyWV21Xwh5CGi23/k+M8HPTphYbs=
github.com/gethugothemes/hugo-modules/seo-tools/google-tag-manager v0.0.0-20230727035736-e23a61ab80b4 h1:tFFnJp8MKPq6Qmf1mD7DR+HEGZGy/3vaD/PBQk7fhf0=
github.com/gethugothemes/hugo-modules/seo-tools/google-tag-manager v0.0.0-20230727035736-e23a61ab80b4/go.mod h1:cCq50yd55eFTrpqOfeyOK5X0hU5E7qxsqOD7IzTsgLA=
github.com/gethugothemes/hugo-modules/seo-tools/site-verifications v0.0.0-20230727035736-e23a61ab80b4 h1:lvshdgs/QSHpIYbBRPaKEbk24xORYvElQxKqmz4s9AQ=
github.com/gethugothemes/hugo-modules/seo-tools/site-verifications v0.0.0-20230727035736-e23a61ab80b4/go.mod h1:iXielaya126qJscz7Bc2G2WB91moloQOoWru6UoBUyE=
github.com/gethugothemes/hugo-modules/shortcodes/button v0.0.0-20230727035736-e23a61ab80b4 h1:llPbRmJvfc1FycSHcd6s/G1Ba9XM9khWYQ/zKb47az4=
github.com/gethugothemes/hugo-modules/shortcodes/button v0.0.0-20230727035736-e23a61ab80b4/go.mod h1:MSvxGvjvcGUKTs6YMATU/9kYFrzW+VSVdy4CCOQLdsY=
github.com/gethugothemes/hugo-modules/shortcodes/notice v0.0.0-20230727035736-e23a61ab80b4 h1:h5BnJCjG1TxIqM3Do+3aWyCIhCLTKDynUJs4/iektMA=
github.com/gethugothemes/hugo-modules/shortcodes/notice v0.0.0-20230727035736-e23a61ab80b4/go.mod h1:ljWyMJx82WA+6SlKjbGFhEdxcriyvUTCjXkJHDa4lho=
github.com/gethugothemes/hugo-modules/tab v0.0.0-20230727035736-e23a61ab80b4 h1:HHOzqmr8DX+mhitJjGCPrLqX+SMLXOLQ+5W8qbYYjJo=
github.com/gethugothemes/hugo-modules/tab v0.0.0-20230727035736-e23a61ab80b4/go.mod h1:h3UxlxrFoU19JldxWLPBKaTZFe3AJtABrqo1wfxr+Ng=
github.com/gethugothemes/hugo-modules/table-of-contents v0.0.0-20230727035736-e23a61ab80b4 h1:oYW5ZR6UEEHTZCcs5w7Sbjx2blrDC8kNcGJ06VQTuRo=
github.com/gethugothemes/hugo-modules/table-of-contents v0.0.0-20230727035736-e23a61ab80b4/go.mod h1:bEDw4veccQQQYEdVrfu13ATRUWfW8ptDIjJZuhYh4Tw=
github.com/gethugothemes/hugo-modules/videos v0.0.0-20230727035736-e23a61ab80b4 h1:C7edciXbKG1DDt1Zv2+JVhi9hXzl6e1tf5SRYazkFgI=
github.com/gethugothemes/hugo-modules/videos v0.0.0-20230727035736-e23a61ab80b4/go.mod h1:P722lLWdnNhdZVq6gvMrOLqECUwrAYQWaOWlChta5H0=
